// !$*UTF8*$!
{
	archiveVersion = 1;
	classes = {
	};
	objectVersion = 46;
	objects = {

/* Begin PBXBuildFile section */
		1CAA65541EE2B645004FC65A /* AppDelegate.swift in Sources */ = {isa = PBXBuildFile; fileRef = 1CAA65531EE2B645004FC65A /* AppDelegate.swift */; };
		1CAA65561EE2B645004FC65A /* ViewController.swift in Sources */ = {isa = PBXBuildFile; fileRef = 1CAA65551EE2B645004FC65A /* ViewController.swift */; };
		1CAA65591EE2B645004FC65A /* Main.storyboard in Resources */ = {isa = PBXBuildFile; fileRef = 1CAA65571EE2B645004FC65A /* Main.storyboard */; };
		1CAA655B1EE2B645004FC65A /* Assets.xcassets in Resources */ = {isa = PBXBuildFile; fileRef = 1CAA655A1EE2B645004FC65A /* Assets.xcassets */; };
		1CAA655E1EE2B645004FC65A /* LaunchScreen.storyboard in Resources */ = {isa = PBXBuildFile; fileRef = 1CAA655C1EE2B645004FC65A /* LaunchScreen.storyboard */; };
		1CAA65661EE2D2F6004FC65A /* ListViewController.swift in Sources */ = {isa = PBXBuildFile; fileRef = 1CAA65651EE2D2F6004FC65A /* ListViewController.swift */; };
		1CAA65681EE2D31A004FC65A /* ContentViewController.swift in Sources */ = {isa = PBXBuildFile; fileRef = 1CAA65671EE2D31A004FC65A /* ContentViewController.swift */; };
		C410A49B1EFE8F8800A9B306 /* airports.plist in Resources */ = {isa = PBXBuildFile; fileRef = C410A4721EFE8F8800A9B306 /* airports.plist */; };
		C410A49C1EFE8F8800A9B306 /* AMS.jpg in Resources */ = {isa = PBXBuildFile; fileRef = C410A4731EFE8F8800A9B306 /* AMS.jpg */; };
		C410A49D1EFE8F8800A9B306 /* ATL.jpg in Resources */ = {isa = PBXBuildFile; fileRef = C410A4741EFE8F8800A9B306 /* ATL.jpg */; };
		C410A49E1EFE8F8800A9B306 /* BKK.jpg in Resources */ = {isa = PBXBuildFile; fileRef = C410A4751EFE8F8800A9B306 /* BKK.jpg */; };
		C410A49F1EFE8F8800A9B306 /* CAN.jpg in Resources */ = {isa = PBXBuildFile; fileRef = C410A4761EFE8F8800A9B306 /* CAN.jpg */; };
		C410A4A01EFE8F8800A9B306 /* CDG.jpg in Resources */ = {isa = PBXBuildFile; fileRef = C410A4771EFE8F8800A9B306 /* CDG.jpg */; };
		C410A4A11EFE8F8800A9B306 /* CKG.jpg in Resources */ = {isa = PBXBuildFile; fileRef = C410A4781EFE8F8800A9B306 /* CKG.jpg */; };
		C410A4A21EFE8F8800A9B306 /* CTS.jpg in Resources */ = {isa = PBXBuildFile; fileRef = C410A4791EFE8F8800A9B306 /* CTS.jpg */; };
		C410A4A31EFE8F8800A9B306 /* DME.jpg in Resources */ = {isa = PBXBuildFile; fileRef = C410A47A1EFE8F8800A9B306 /* DME.jpg */; };
		C410A4A41EFE8F8800A9B306 /* DTW.jpg in Resources */ = {isa = PBXBuildFile; fileRef = C410A47B1EFE8F8800A9B306 /* DTW.jpg */; };
		C410A4A51EFE8F8800A9B306 /* EDI.jpg in Resources */ = {isa = PBXBuildFile; fileRef = C410A47C1EFE8F8800A9B306 /* EDI.jpg */; };
		C410A4A61EFE8F8800A9B306 /* FRA.jpg in Resources */ = {isa = PBXBuildFile; fileRef = C410A47D1EFE8F8800A9B306 /* FRA.jpg */; };
		C410A4A71EFE8F8800A9B306 /* GMP.jpg in Resources */ = {isa = PBXBuildFile; fileRef = C410A47E1EFE8F8800A9B306 /* GMP.jpg */; };
		C410A4A81EFE8F8800A9B306 /* HKG.jpg in Resources */ = {isa = PBXBuildFile; fileRef = C410A47F1EFE8F8800A9B306 /* HKG.jpg */; };
		C410A4A91EFE8F8800A9B306 /* HND.jpg in Resources */ = {isa = PBXBuildFile; fileRef = C410A4801EFE8F8800A9B306 /* HND.jpg */; };
		C410A4AA1EFE8F8800A9B306 /* IAD.jpg in Resources */ = {isa = PBXBuildFile; fileRef = C410A4811EFE8F8800A9B306 /* IAD.jpg */; };
		C410A4AB1EFE8F8800A9B306 /* IAH.jpg in Resources */ = {isa = PBXBuildFile; fileRef = C410A4821EFE8F8800A9B306 /* IAH.jpg */; };
		C410A4AC1EFE8F8800A9B306 /* ICN.jpg in Resources */ = {isa = PBXBuildFile; fileRef = C410A4831EFE8F8800A9B306 /* ICN.jpg */; };
		C410A4AD1EFE8F8800A9B306 /* JFK.jpg in Resources */ = {isa = PBXBuildFile; fileRef = C410A4841EFE8F8800A9B306 /* JFK.jpg */; };
		C410A4AE1EFE8F8800A9B306 /* KHH.jpg in Resources */ = {isa = PBXBuildFile; fileRef = C410A4851EFE8F8800A9B306 /* KHH.jpg */; };
		C410A4AF1EFE8F8800A9B306 /* KIX.jpg in Resources */ = {isa = PBXBuildFile; fileRef = C410A4861EFE8F8800A9B306 /* KIX.jpg */; };
		C410A4B01EFE8F8800A9B306 /* KUL.jpg in Resources */ = {isa = PBXBuildFile; fileRef = C410A4871EFE8F8800A9B306 /* KUL.jpg */; };
		C410A4B11EFE8F8800A9B306 /* LAX.jpg in Resources */ = {isa = PBXBuildFile; fileRef = C410A4881EFE8F8800A9B306 /* LAX.jpg */; };
		C410A4B21EFE8F8800A9B306 /* LHR.jpg in Resources */ = {isa = PBXBuildFile; fileRef = C410A4891EFE8F8800A9B306 /* LHR.jpg */; };
		C410A4B31EFE8F8800A9B306 /* MNL.jpg in Resources */ = {isa = PBXBuildFile; fileRef = C410A48A1EFE8F8800A9B306 /* MNL.jpg */; };
		C410A4B41EFE8F8800A9B306 /* MUC.jpg in Resources */ = {isa = PBXBuildFile; fileRef = C410A48B1EFE8F8800A9B306 /* MUC.jpg */; };
		C410A4B51EFE8F8800A9B306 /* NGO.jpg in Resources */ = {isa = PBXBuildFile; fileRef = C410A48C1EFE8F8800A9B306 /* NGO.jpg */; };
		C410A4B61EFE8F8800A9B306 /* NRT.jpg in Resources */ = {isa = PBXBuildFile; fileRef = C410A48D1EFE8F8800A9B306 /* NRT.jpg */; };
		C410A4B71EFE8F8800A9B306 /* OKA.jpg in Resources */ = {isa = PBXBuildFile; fileRef = C410A48E1EFE8F8800A9B306 /* OKA.jpg */; };
		C410A4B81EFE8F8800A9B306 /* ORD.jpg in Resources */ = {isa = PBXBuildFile; fileRef = C410A48F1EFE8F8800A9B306 /* ORD.jpg */; };
		C410A4B91EFE8F8800A9B306 /* PEK.jpg in Resources */ = {isa = PBXBuildFile; fileRef = C410A4901EFE8F8800A9B306 /* PEK.jpg */; };
		C410A4BA1EFE8F8800A9B306 /* PVG.jpg in Resources */ = {isa = PBXBuildFile; fileRef = C410A4911EFE8F8800A9B306 /* PVG.jpg */; };
		C410A4BB1EFE8F8800A9B306 /* SEA.jpg in Resources */ = {isa = PBXBuildFile; fileRef = C410A4921EFE8F8800A9B306 /* SEA.jpg */; };
		C410A4BC1EFE8F8800A9B306 /* SFO.jpg in Resources */ = {isa = PBXBuildFile; fileRef = C410A4931EFE8F8800A9B306 /* SFO.jpg */; };
		C410A4BD1EFE8F8800A9B306 /* SIN.jpg in Resources */ = {isa = PBXBuildFile; fileRef = C410A4941EFE8F8800A9B306 /* SIN.jpg */; };
		C410A4BE1EFE8F8800A9B306 /* SVO.jpg in Resources */ = {isa = PBXBuildFile; fileRef = C410A4951EFE8F8800A9B306 /* SVO.jpg */; };
		C410A4BF1EFE8F8800A9B306 /* SYD.jpg in Resources */ = {isa = PBXBuildFile; fileRef = C410A4961EFE8F8800A9B306 /* SYD.jpg */; };
		C410A4C01EFE8F8800A9B306 /* TPE.jpg in Resources */ = {isa = PBXBuildFile; fileRef = C410A4971EFE8F8800A9B306 /* TPE.jpg */; };
		C410A4C11EFE8F8800A9B306 /* TSA.jpg in Resources */ = {isa = PBXBuildFile; fileRef = C410A4981EFE8F8800A9B306 /* TSA.jpg */; };
		C410A4C21EFE8F8800A9B306 /* YVR.jpg in Resources */ = {isa = PBXBuildFile; fileRef = C410A4991EFE8F8800A9B306 /* YVR.jpg */; };
		C410A4C31EFE8F8800A9B306 /* YYZ.jpg in Resources */ = {isa = PBXBuildFile; fileRef = C410A49A1EFE8F8800A9B306 /* YYZ.jpg */; };
/* End PBXBuildFile section */

/* Begin PBXFileReference section */
		1CAA65501EE2B645004FC65A /* HW3.app */ = {isa = PBXFileReference; explicitFileType = wrapper.application; includeInIndex = 0; path = HW3.app; sourceTree = BUILT_PRODUCTS_DIR; };
		1CAA65531EE2B645004FC65A /* AppDelegate.swift */ = {isa = PBXFileReference; lastKnownFileType = sourcecode.swift; path = AppDelegate.swift; sourceTree = "<group>"; };
		1CAA65551EE2B645004FC65A /* ViewController.swift */ = {isa = PBXFileReference; lastKnownFileType = sourcecode.swift; path = ViewController.swift; sourceTree = "<group>"; };
		1CAA65581EE2B645004FC65A /* Base */ = {isa = PBXFileReference; lastKnownFileType = file.storyboard; name = Base; path = Base.lproj/Main.storyboard; sourceTree = "<group>"; };
		1CAA655A1EE2B645004FC65A /* Assets.xcassets */ = {isa = PBXFileReference; lastKnownFileType = folder.assetcatalog; path = Assets.xcassets; sourceTree = "<group>"; };
		1CAA655D1EE2B645004FC65A /* Base */ = {isa = PBXFileReference; lastKnownFileType = file.storyboard; name = Base; path = Base.lproj/LaunchScreen.storyboard; sourceTree = "<group>"; };
		1CAA655F1EE2B645004FC65A /* Info.plist */ = {isa = PBXFileReference; lastKnownFileType = text.plist.xml; path = Info.plist; sourceTree = "<group>"; };
		1CAA65651EE2D2F6004FC65A /* ListViewController.swift */ = {isa = PBXFileReference; fileEncoding = 4; lastKnownFileType = sourcecode.swift; path = ListViewController.swift; sourceTree = "<group>"; };
		1CAA65671EE2D31A004FC65A /* ContentViewController.swift */ = {isa = PBXFileReference; fileEncoding = 4; lastKnownFileType = sourcecode.swift; path = ContentViewController.swift; sourceTree = "<group>"; };
		C410A4721EFE8F8800A9B306 /* airports.plist */ = {isa = PBXFileReference; fileEncoding = 4; lastKnownFileType = text.plist.xml; path = airports.plist; sourceTree = "<group>"; };
		C410A4731EFE8F8800A9B306 /* AMS.jpg */ = {isa = PBXFileReference; lastKnownFileType = image.jpeg; path = AMS.jpg; sourceTree = "<group>"; };
		C410A4741EFE8F8800A9B306 /* ATL.jpg */ = {isa = PBXFileReference; lastKnownFileType = image.jpeg; path = ATL.jpg; sourceTree = "<group>"; };
		C410A4751EFE8F8800A9B306 /* BKK.jpg */ = {isa = PBXFileReference; lastKnownFileType = image.jpeg; path = BKK.jpg; sourceTree = "<group>"; };
		C410A4761EFE8F8800A9B306 /* CAN.jpg */ = {isa = PBXFileReference; lastKnownFileType = image.jpeg; path = CAN.jpg; sourceTree = "<group>"; };
		C410A4771EFE8F8800A9B306 /* CDG.jpg */ = {isa = PBXFileReference; lastKnownFileType = image.jpeg; path = CDG.jpg; sourceTree = "<group>"; };
		C410A4781EFE8F8800A9B306 /* CKG.jpg */ = {isa = PBXFileReference; lastKnownFileType = image.jpeg; path = CKG.jpg; sourceTree = "<group>"; };
		C410A4791EFE8F8800A9B306 /* CTS.jpg */ = {isa = PBXFileReference; lastKnownFileType = image.jpeg; path = CTS.jpg; sourceTree = "<group>"; };
		C410A47A1EFE8F8800A9B306 /* DME.jpg */ = {isa = PBXFileReference; lastKnownFileType = image.jpeg; path = DME.jpg; sourceTree = "<group>"; };
		C410A47B1EFE8F8800A9B306 /* DTW.jpg */ = {isa = PBXFileReference; lastKnownFileType = image.jpeg; path = DTW.jpg; sourceTree = "<group>"; };
		C410A47C1EFE8F8800A9B306 /* EDI.jpg */ = {isa = PBXFileReference; lastKnownFileType = image.jpeg; path = EDI.jpg; sourceTree = "<group>"; };
		C410A47D1EFE8F8800A9B306 /* FRA.jpg */ = {isa = PBXFileReference; lastKnownFileType = image.jpeg; path = FRA.jpg; sourceTree = "<group>"; };
		C410A47E1EFE8F8800A9B306 /* GMP.jpg */ = {isa = PBXFileReference; lastKnownFileType = image.jpeg; path = GMP.jpg; sourceTree = "<group>"; };
		C410A47F1EFE8F8800A9B306 /* HKG.jpg */ = {isa = PBXFileReference; lastKnownFileType = image.jpeg; path = HKG.jpg; sourceTree = "<group>"; };
		C410A4801EFE8F8800A9B306 /* HND.jpg */ = {isa = PBXFileReference; lastKnownFileType = image.jpeg; path = HND.jpg; sourceTree = "<group>"; };
		C410A4811EFE8F8800A9B306 /* IAD.jpg */ = {isa = PBXFileReference; lastKnownFileType = image.jpeg; path = IAD.jpg; sourceTree = "<group>"; };
		C410A4821EFE8F8800A9B306 /* IAH.jpg */ = {isa = PBXFileReference; lastKnownFileType = image.jpeg; path = IAH.jpg; sourceTree = "<group>"; };
		C410A4831EFE8F8800A9B306 /* ICN.jpg */ = {isa = PBXFileReference; lastKnownFileType = image.jpeg; path = ICN.jpg; sourceTree = "<group>"; };
		C410A4841EFE8F8800A9B306 /* JFK.jpg */ = {isa = PBXFileReference; lastKnownFileType = image.jpeg; path = JFK.jpg; sourceTree = "<group>"; };
		C410A4851EFE8F8800A9B306 /* KHH.jpg */ = {isa = PBXFileReference; lastKnownFileType = image.jpeg; path = KHH.jpg; sourceTree = "<group>"; };
		C410A4861EFE8F8800A9B306 /* KIX.jpg */ = {isa = PBXFileReference; lastKnownFileType = image.jpeg; path = KIX.jpg; sourceTree = "<group>"; };
		C410A4871EFE8F8800A9B306 /* KUL.jpg */ = {isa = PBXFileReference; lastKnownFileType = image.jpeg; path = KUL.jpg; sourceTree = "<group>"; };
		C410A4881EFE8F8800A9B306 /* LAX.jpg */ = {isa = PBXFileReference; lastKnownFileType = image.jpeg; path = LAX.jpg; sourceTree = "<group>"; };
		C410A4891EFE8F8800A9B306 /* LHR.jpg */ = {isa = PBXFileReference; lastKnownFileType = image.jpeg; path = LHR.jpg; sourceTree = "<group>"; };
		C410A48A1EFE8F8800A9B306 /* MNL.jpg */ = {isa = PBXFileReference; lastKnownFileType = image.jpeg; path = MNL.jpg; sourceTree = "<group>"; };
		C410A48B1EFE8F8800A9B306 /* MUC.jpg */ = {isa = PBXFileReference; lastKnownFileType = image.jpeg; path = MUC.jpg; sourceTree = "<group>"; };
		C410A48C1EFE8F8800A9B306 /* NGO.jpg */ = {isa = PBXFileReference; lastKnownFileType = image.jpeg; path = NGO.jpg; sourceTree = "<group>"; };
		C410A48D1EFE8F8800A9B306 /* NRT.jpg */ = {isa = PBXFileReference; lastKnownFileType = image.jpeg; path = NRT.jpg; sourceTree = "<group>"; };
		C410A48E1EFE8F8800A9B306 /* OKA.jpg */ = {isa = PBXFileReference; lastKnownFileType = image.jpeg; path = OKA.jpg; sourceTree = "<group>"; };
		C410A48F1EFE8F8800A9B306 /* ORD.jpg */ = {isa = PBXFileReference; lastKnownFileType = image.jpeg; path = ORD.jpg; sourceTree = "<group>"; };
		C410A4901EFE8F8800A9B306 /* PEK.jpg */ = {isa = PBXFileReference; lastKnownFileType = image.jpeg; path = PEK.jpg; sourceTree = "<group>"; };
		C410A4911EFE8F8800A9B306 /* PVG.jpg */ = {isa = PBXFileReference; lastKnownFileType = image.jpeg; path = PVG.jpg; sourceTree = "<group>"; };
		C410A4921EFE8F8800A9B306 /* SEA.jpg */ = {isa = PBXFileReference; lastKnownFileType = image.jpeg; path = SEA.jpg; sourceTree = "<group>"; };
		C410A4931EFE8F8800A9B306 /* SFO.jpg */ = {isa = PBXFileReference; lastKnownFileType = image.jpeg; path = SFO.jpg; sourceTree = "<group>"; };
		C410A4941EFE8F8800A9B306 /* SIN.jpg */ = {isa = PBXFileReference; lastKnownFileType = image.jpeg; path = SIN.jpg; sourceTree = "<group>"; };
		C410A4951EFE8F8800A9B306 /* SVO.jpg */ = {isa = PBXFileReference; lastKnownFileType = image.jpeg; path = SVO.jpg; sourceTree = "<group>"; };
		C410A4961EFE8F8800A9B306 /* SYD.jpg */ = {isa = PBXFileReference; lastKnownFileType = image.jpeg; path = SYD.jpg; sourceTree = "<group>"; };
		C410A4971EFE8F8800A9B306 /* TPE.jpg */ = {isa = PBXFileReference; lastKnownFileType = image.jpeg; path = TPE.jpg; sourceTree = "<group>"; };
		C410A4981EFE8F8800A9B306 /* TSA.jpg */ = {isa = PBXFileReference; lastKnownFileType = image.jpeg; path = TSA.jpg; sourceTree = "<group>"; };
		C410A4991EFE8F8800A9B306 /* YVR.jpg */ = {isa = PBXFileReference; lastKnownFileType = image.jpeg; path = YVR.jpg; sourceTree = "<group>"; };
		C410A49A1EFE8F8800A9B306 /* YYZ.jpg */ = {isa = PBXFileReference; lastKnownFileType = image.jpeg; path = YYZ.jpg; sourceTree = "<group>"; };
/* End PBXFileReference section */

/* Begin PBXFrameworksBuildPhase section */
		1CAA654D1EE2B645004FC65A /* Frameworks */ = {
			isa = PBXFrameworksBuildPhase;
			buildActionMask = 2147483647;
			files = (
			);
			runOnlyForDeploymentPostprocessing = 0;
		};
/* End PBXFrameworksBuildPhase section */

/* Begin PBXGroup section */
		1CAA65471EE2B644004FC65A = {
			isa = PBXGroup;
			children = (
				1CAA65521EE2B645004FC65A /* HW3 */,
				1CAA65511EE2B645004FC65A /* Products */,
			);
			sourceTree = "<group>";
		};
		1CAA65511EE2B645004FC65A /* Products */ = {
			isa = PBXGroup;
			children = (
				1CAA65501EE2B645004FC65A /* HW3.app */,
			);
			name = Products;
			sourceTree = "<group>";
		};
		1CAA65521EE2B645004FC65A /* HW3 */ = {
			isa = PBXGroup;
			children = (
				1CAA65531EE2B645004FC65A /* AppDelegate.swift */,
				1CAA65551EE2B645004FC65A /* ViewController.swift */,
				1CAA65571EE2B645004FC65A /* Main.storyboard */,
				1CAA65651EE2D2F6004FC65A /* ListViewController.swift */,
				1CAA65671EE2D31A004FC65A /* ContentViewController.swift */,
				1CAA655A1EE2B645004FC65A /* Assets.xcassets */,
				C410A4711EFE8F8800A9B306 /* Airports Data */,
				1CAA655C1EE2B645004FC65A /* LaunchScreen.storyboard */,
				1CAA655F1EE2B645004FC65A /* Info.plist */,
			);
			path = HW3;
			sourceTree = "<group>";
		};
		C410A4711EFE8F8800A9B306 /* Airports Data */ = {
			isa = PBXGroup;
			children = (
				C410A4721EFE8F8800A9B306 /* airports.plist */,
				C410A4731EFE8F8800A9B306 /* AMS.jpg */,
				C410A4741EFE8F8800A9B306 /* ATL.jpg */,
				C410A4751EFE8F8800A9B306 /* BKK.jpg */,
				C410A4761EFE8F8800A9B306 /* CAN.jpg */,
				C410A4771EFE8F8800A9B306 /* CDG.jpg */,
				C410A4781EFE8F8800A9B306 /* CKG.jpg */,
				C410A4791EFE8F8800A9B306 /* CTS.jpg */,
				C410A47A1EFE8F8800A9B306 /* DME.jpg */,
				C410A47B1EFE8F8800A9B306 /* DTW.jpg */,
				C410A47C1EFE8F8800A9B306 /* EDI.jpg */,
				C410A47D1EFE8F8800A9B306 /* FRA.jpg */,
				C410A47E1EFE8F8800A9B306 /* GMP.jpg */,
				C410A47F1EFE8F8800A9B306 /* HKG.jpg */,
				C410A4801EFE8F8800A9B306 /* HND.jpg */,
				C410A4811EFE8F8800A9B306 /* IAD.jpg */,
				C410A4821EFE8F8800A9B306 /* IAH.jpg */,
				C410A4831EFE8F8800A9B306 /* ICN.jpg */,
				C410A4841EFE8F8800A9B306 /* JFK.jpg */,
				C410A4851EFE8F8800A9B306 /* KHH.jpg */,
				C410A4861EFE8F8800A9B306 /* KIX.jpg */,
				C410A4871EFE8F8800A9B306 /* KUL.jpg */,
				C410A4881EFE8F8800A9B306 /* LAX.jpg */,
				C410A4891EFE8F8800A9B306 /* LHR.jpg */,
				C410A48A1EFE8F8800A9B306 /* MNL.jpg */,
				C410A48B1EFE8F8800A9B306 /* MUC.jpg */,
				C410A48C1EFE8F8800A9B306 /* NGO.jpg */,
				C410A48D1EFE8F8800A9B306 /* NRT.jpg */,
				C410A48E1EFE8F8800A9B306 /* OKA.jpg */,
				C410A48F1EFE8F8800A9B306 /* ORD.jpg */,
				C410A4901EFE8F8800A9B306 /* PEK.jpg */,
				C410A4911EFE8F8800A9B306 /* PVG.jpg */,
				C410A4921EFE8F8800A9B306 /* SEA.jpg */,
				C410A4931EFE8F8800A9B306 /* SFO.jpg */,
				C410A4941EFE8F8800A9B306 /* SIN.jpg */,
				C410A4951EFE8F8800A9B306 /* SVO.jpg */,
				C410A4961EFE8F8800A9B306 /* SYD.jpg */,
				C410A4971EFE8F8800A9B306 /* TPE.jpg */,
				C410A4981EFE8F8800A9B306 /* TSA.jpg */,
				C410A4991EFE8F8800A9B306 /* YVR.jpg */,
				C410A49A1EFE8F8800A9B306 /* YYZ.jpg */,
			);
			path = "Airports Data";
			sourceTree = "<group>";
		};
/* End PBXGroup section */

/* Begin PBXNativeTarget section */
		1CAA654F1EE2B645004FC65A /* HW3 */ = {
			isa = PBXNativeTarget;
			buildConfigurationList = 1CAA65621EE2B645004FC65A /* Build configuration list for PBXNativeTarget "HW3" */;
			buildPhases = (
				1CAA654C1EE2B645004FC65A /* Sources */,
				1CAA654D1EE2B645004FC65A /* Frameworks */,
				1CAA654E1EE2B645004FC65A /* Resources */,
			);
			buildRules = (
			);
			dependencies = (
			);
			name = HW3;
			productName = HW3;
			productReference = 1CAA65501EE2B645004FC65A /* HW3.app */;
			productType = "com.apple.product-type.application";
		};
/* End PBXNativeTarget section */

/* Begin PBXProject section */
		1CAA65481EE2B644004FC65A /* Project object */ = {
			isa = PBXProject;
			attributes = {
				LastSwiftUpdateCheck = 0830;
				LastUpgradeCheck = 0830;
				ORGANIZATIONNAME = soslab;
				TargetAttributes = {
					1CAA654F1EE2B645004FC65A = {
						CreatedOnToolsVersion = 8.3.2;
						ProvisioningStyle = Automatic;
					};
				};
			};
			buildConfigurationList = 1CAA654B1EE2B644004FC65A /* Build configuration list for PBXProject "HW3" */;
			compatibilityVersion = "Xcode 3.2";
			developmentRegion = English;
			hasScannedForEncodings = 0;
			knownRegions = (
				en,
				Base,
			);
			mainGroup = 1CAA65471EE2B644004FC65A;
			productRefGroup = 1CAA65511EE2B645004FC65A /* Products */;
			projectDirPath = "";
			projectRoot = "";
			targets = (
				1CAA654F1EE2B645004FC65A /* HW3 */,
			);
		};
/* End PBXProject section */

/* Begin PBXResourcesBuildPhase section */
		1CAA654E1EE2B645004FC65A /* Resources */ = {
			isa = PBXResourcesBuildPhase;
			buildActionMask = 2147483647;
			files = (
				C410A4C01EFE8F8800A9B306 /* TPE.jpg in Resources */,
				C410A4B11EFE8F8800A9B306 /* LAX.jpg in Resources */,
				1CAA655E1EE2B645004FC65A /* LaunchScreen.storyboard in Resources */,
				C410A4A71EFE8F8800A9B306 /* GMP.jpg in Resources */,
				C410A4C21EFE8F8800A9B306 /* YVR.jpg in Resources */,
				C410A4A11EFE8F8800A9B306 /* CKG.jpg in Resources */,
				C410A4A81EFE8F8800A9B306 /* HKG.jpg in Resources */,
				C410A4A31EFE8F8800A9B306 /* DME.jpg in Resources */,
				C410A4B91EFE8F8800A9B306 /* PEK.jpg in Resources */,
				C410A4AF1EFE8F8800A9B306 /* KIX.jpg in Resources */,
				C410A4C31EFE8F8800A9B306 /* YYZ.jpg in Resources */,
				C410A4AE1EFE8F8800A9B306 /* KHH.jpg in Resources */,
				C410A4B81EFE8F8800A9B306 /* ORD.jpg in Resources */,
				C410A49F1EFE8F8800A9B306 /* CAN.jpg in Resources */,
				C410A4A51EFE8F8800A9B306 /* EDI.jpg in Resources */,
				C410A4A61EFE8F8800A9B306 /* FRA.jpg in Resources */,
				C410A4B51EFE8F8800A9B306 /* NGO.jpg in Resources */,
				1CAA655B1EE2B645004FC65A /* Assets.xcassets in Resources */,
				C410A4A91EFE8F8800A9B306 /* HND.jpg in Resources */,
				C410A4A01EFE8F8800A9B306 /* CDG.jpg in Resources */,
				C410A4B01EFE8F8800A9B306 /* KUL.jpg in Resources */,
				C410A4BF1EFE8F8800A9B306 /* SYD.jpg in Resources */,
				C410A4BB1EFE8F8800A9B306 /* SEA.jpg in Resources */,
				C410A4AA1EFE8F8800A9B306 /* IAD.jpg in Resources */,
				C410A4B61EFE8F8800A9B306 /* NRT.jpg in Resources */,
				C410A4B41EFE8F8800A9B306 /* MUC.jpg in Resources */,
				C410A49B1EFE8F8800A9B306 /* airports.plist in Resources */,
				C410A4BC1EFE8F8800A9B306 /* SFO.jpg in Resources */,
				C410A4BA1EFE8F8800A9B306 /* PVG.jpg in Resources */,
				C410A4A41EFE8F8800A9B306 /* DTW.jpg in Resources */,
				C410A4B21EFE8F8800A9B306 /* LHR.jpg in Resources */,
				C410A4C11EFE8F8800A9B306 /* TSA.jpg in Resources */,
				C410A49E1EFE8F8800A9B306 /* BKK.jpg in Resources */,
				C410A4BD1EFE8F8800A9B306 /* SIN.jpg in Resources */,
				C410A49D1EFE8F8800A9B306 /* ATL.jpg in Resources */,
				C410A49C1EFE8F8800A9B306 /* AMS.jpg in Resources */,
				1CAA65591EE2B645004FC65A /* Main.storyboard in Resources */,
				C410A4B71EFE8F8800A9B306 /* OKA.jpg in Resources */,
				C410A4AC1EFE8F8800A9B306 /* ICN.jpg in Resources */,
				C410A4AB1EFE8F8800A9B306 /* IAH.jpg in Resources */,
				C410A4AD1EFE8F8800A9B306 /* JFK.jpg in Resources */,
				C410A4B31EFE8F8800A9B306 /* MNL.jpg in Resources */,
				C410A4A21EFE8F8800A9B306 /* CTS.jpg in Resources */,
				C410A4BE1EFE8F8800A9B306 /* SVO.jpg in Resources */,
			);
			runOnlyForDeploymentPostprocessing = 0;
		};
/* End PBXResourcesBuildPhase section */

/* Begin PBXSourcesBuildPhase section */
		1CAA654C1EE2B645004FC65A /* Sources */ = {
			isa = PBXSourcesBuildPhase;
			buildActionMask = 2147483647;
			files = (
				1CAA65681EE2D31A004FC65A /* ContentViewController.swift in Sources */,
				1CAA65561EE2B645004FC65A /* ViewController.swift in Sources */,
				1CAA65541EE2B645004FC65A /* AppDelegate.swift in Sources */,
				1CAA65661EE2D2F6004FC65A /* ListViewController.swift in Sources */,
			);
			runOnlyForDeploymentPostprocessing = 0;
		};
/* End PBXSourcesBuildPhase section */

/* Begin PBXVariantGroup section */
		1CAA65571EE2B645004FC65A /* Main.storyboard */ = {
			isa = PBXVariantGroup;
			children = (
				1CAA65581EE2B645004FC65A /* Base */,
			);
			name = Main.storyboard;
			sourceTree = "<group>";
		};
		1CAA655C1EE2B645004FC65A /* LaunchScreen.storyboard */ = {
			isa = PBXVariantGroup;
			children = (
				1CAA655D1EE2B645004FC65A /* Base */,
			);
			name = LaunchScreen.storyboard;
			sourceTree = "<group>";
		};
/* End PBXVariantGroup section */

/* Begin XCBuildConfiguration section */
		1CAA65601EE2B645004FC65A /* Debug */ = {
			isa = XCBuildConfiguration;
			buildSettings = {
				ALWAYS_SEARCH_USER_PATHS = NO;
				CLANG_ANALYZER_NONNULL = YES;
				CLANG_ANALYZER_NUMBER_OBJECT_CONVERSION = YES_AGGRESSIVE;
				CLANG_CXX_LANGUAGE_STANDARD = "gnu++0x";
				CLANG_CXX_LIBRARY = "libc++";
				CLANG_ENABLE_MODULES = YES;
				CLANG_ENABLE_OBJC_ARC = YES;
				CLANG_WARN_BOOL_CONVERSION = YES;
				CLANG_WARN_CONSTANT_CONVERSION = YES;
				CLANG_WARN_DIRECT_OBJC_ISA_USAGE = YES_ERROR;
				CLANG_WARN_DOCUMENTATION_COMMENTS = YES;
				CLANG_WARN_EMPTY_BODY = YES;
				CLANG_WARN_ENUM_CONVERSION = YES;
				CLANG_WARN_INFINITE_RECURSION = YES;
				CLANG_WARN_INT_CONVERSION = YES;
				CLANG_WARN_OBJC_ROOT_CLASS = YES_ERROR;
				CLANG_WARN_SUSPICIOUS_MOVE = YES;
				CLANG_WARN_UNREACHABLE_CODE = YES;
				CLANG_WARN__DUPLICATE_METHOD_MATCH = YES;
				"CODE_SIGN_IDENTITY[sdk=iphoneos*]" = "iPhone Developer";
				COPY_PHASE_STRIP = NO;
				DEBUG_INFORMATION_FORMAT = dwarf;
				ENABLE_STRICT_OBJC_MSGSEND = YES;
				ENABLE_TESTABILITY = YES;
				GCC_C_LANGUAGE_STANDARD = gnu99;
				GCC_DYNAMIC_NO_PIC = NO;
				GCC_NO_COMMON_BLOCKS = YES;
				GCC_OPTIMIZATION_LEVEL = 0;
				GCC_PREPROCESSOR_DEFINITIONS = (
					"DEBUG=1",
					"$(inherited)",
				);
				GCC_WARN_64_TO_32_BIT_CONVERSION = YES;
				GCC_WARN_ABOUT_RETURN_TYPE = YES_ERROR;
				GCC_WARN_UNDECLARED_SELECTOR = YES;
				GCC_WARN_UNINITIALIZED_AUTOS = YES_AGGRESSIVE;
				GCC_WARN_UNUSED_FUNCTION = YES;
				GCC_WARN_UNUSED_VARIABLE = YES;
				IPHONEOS_DEPLOYMENT_TARGET = 10.3;
				MTL_ENABLE_DEBUG_INFO = YES;
				ONLY_ACTIVE_ARCH = YES;
				SDKROOT = iphoneos;
				SWIFT_ACTIVE_COMPILATION_CONDITIONS = DEBUG;
				SWIFT_OPTIMIZATION_LEVEL = "-Onone";
				TARGETED_DEVICE_FAMILY = "1,2";
			};
			name = Debug;
		};
		1CAA65611EE2B645004FC65A /* Release */ = {
			isa = XCBuildConfiguration;
			buildSettings = {
				ALWAYS_SEARCH_USER_PATHS = NO;
				CLANG_ANALYZER_NONNULL = YES;
				CLANG_ANALYZER_NUMBER_OBJECT_CONVERSION = YES_AGGRESSIVE;
				CLANG_CXX_LANGUAGE_STANDARD = "gnu++0x";
				CLANG_CXX_LIBRARY = "libc++";
				CLANG_ENABLE_MODULES = YES;
				CLANG_ENABLE_OBJC_ARC = YES;
				CLANG_WARN_BOOL_CONVERSION = YES;
				CLANG_WARN_CONSTANT_CONVERSION = YES;
				CLANG_WARN_DIRECT_OBJC_ISA_USAGE = YES_ERROR;
				CLANG_WARN_DOCUMENTATION_COMMENTS = YES;
				CLANG_WARN_EMPTY_BODY = YES;
				CLANG_WARN_ENUM_CONVERSION = YES;
				CLANG_WARN_INFINITE_RECURSION = YES;
				CLANG_WARN_INT_CONVERSION = YES;
				CLANG_WARN_OBJC_ROOT_CLASS = YES_ERROR;
				CLANG_WARN_SUSPICIOUS_MOVE = YES;
				CLANG_WARN_UNREACHABLE_CODE = YES;
				CLANG_WARN__DUPLICATE_METHOD_MATCH = YES;
				"CODE_SIGN_IDENTITY[sdk=iphoneos*]" = "iPhone Developer";
				COPY_PHASE_STRIP = NO;
				DEBUG_INFORMATION_FORMAT = "dwarf-with-dsym";
				ENABLE_NS_ASSERTIONS = NO;
				ENABLE_STRICT_OBJC_MSGSEND = YES;
				GCC_C_LANGUAGE_STANDARD = gnu99;
				GCC_NO_COMMON_BLOCKS = YES;
				GCC_WARN_64_TO_32_BIT_CONVERSION = YES;
				GCC_WARN_ABOUT_RETURN_TYPE = YES_ERROR;
				GCC_WARN_UNDECLARED_SELECTOR = YES;
				GCC_WARN_UNINITIALIZED_AUTOS = YES_AGGRESSIVE;
				GCC_WARN_UNUSED_FUNCTION = YES;
				GCC_WARN_UNUSED_VARIABLE = YES;
				IPHONEOS_DEPLOYMENT_TARGET = 10.3;
				MTL_ENABLE_DEBUG_INFO = NO;
				SDKROOT = iphoneos;
				SWIFT_OPTIMIZATION_LEVEL = "-Owholemodule";
				TARGETED_DEVICE_FAMILY = "1,2";
				VALIDATE_PRODUCT = YES;
			};
			name = Release;
		};
		1CAA65631EE2B645004FC65A /* Debug */ = {
			isa = XCBuildConfiguration;
			buildSettings = {
				ASSETCATALOG_COMPILER_APPICON_NAME = AppIcon;
				INFOPLIST_FILE = HW3/Info.plist;
				LD_RUNPATH_SEARCH_PATHS = "$(inherited) @executable_path/Frameworks";
				PRODUCT_BUNDLE_IDENTIFIER = com.soslab.HW3;
				PRODUCT_NAME = "$(TARGET_NAME)";
				SWIFT_VERSION = 3.0;
			};
			name = Debug;
		};
		1CAA65641EE2B645004FC65A /* Release */ = {
			isa = XCBuildConfiguration;
			buildSettings = {
				ASSETCATALOG_COMPILER_APPICON_NAME = AppIcon;
				INFOPLIST_FILE = HW3/Info.plist;
				LD_RUNPATH_SEARCH_PATHS = "$(inherited) @executable_path/Frameworks";
				PRODUCT_BUNDLE_IDENTIFIER = com.soslab.HW3;
				PRODUCT_NAME = "$(TARGET_NAME)";
				SWIFT_VERSION = 3.0;
			};
			name = Release;
		};
/* End XCBuildConfiguration section */

/* Begin XCConfigurationList section */
		1CAA654B1EE2B644004FC65A /* Build configuration list for PBXProject "HW3" */ = {
			isa = XCConfigurationList;
			buildConfigurations = (
				1CAA65601EE2B645004FC65A /* Debug */,
				1CAA65611EE2B645004FC65A /* Release */,
			);
			defaultConfigurationIsVisible = 0;
			defaultConfigurationName = Release;
		};
		1CAA65621EE2B645004FC65A /* Build configuration list for PBXNativeTarget "HW3" */ = {
			isa = XCConfigurationList;
			buildConfigurations = (
				1CAA65631EE2B645004FC65A /* Debug */,
				1CAA65641EE2B645004FC65A /* Release */,
			);
			defaultConfigurationIsVisible = 0;
			defaultConfigurationName = Release;
		};
/* End XCConfigurationList section */
	};
	rootObject = 1CAA65481EE2B644004FC65A /* Project object */;
}
